
Microsoft Visual Studio Solution File, Format Version 12.00
# Visual Studio Version 17
VisualStudioVersion = 17.0.31912.275
MinimumVisualStudioVersion = 10.0.40219.1
Project("{FAE04EC0-301F-11D3-BF4B-00C04F79EFBC}") = "InsertionSort", "InsertionSort\InsertionSort.csproj", "{6A4D5FC5-5911-4902-91B3-5F787957C7D0}"
EndProject
Global
	GlobalSection(SolutionConfigurationPlatforms) = preSolution
		Debug|Any CPU = Debug|Any CPU
		Release|Any CPU = Release|Any CPU
	EndGlobalSection
	GlobalSection(ProjectConfigurationPlatforms) = postSolution
		{6A4D5FC5-5911-4902-91B3-5F787957C7D0}.Debug|Any CPU.ActiveCfg = Debug|Any CPU
		{6A4D5FC5-5911-4902-91B3-5F787957C7D0}.Debug|Any CPU.Build.0 = Debug|Any CPU
		{6A4D5FC5-5911-4902-91B3-5F787957C7D0}.Release|Any CPU.ActiveCfg = Release|Any CPU
		{6A4D5FC5-5911-4902-91B3-5F787957C7D0}.Release|Any CPU.Build.0 = Release|Any CPU
	EndGlobalSection
	GlobalSection(SolutionProperties) = preSolution
		HideSolutionNode = FALSE
	EndGlobalSection
	GlobalSection(ExtensibilityGlobals) = postSolution
		SolutionGuid = {54073DC4-6326-46C8-A048-65BB5D68627A}
	EndGlobalSection
EndGlobal
